// !$*UTF8*$!
{
	archiveVersion = 1;
	classes = {
	};
	objectVersion = 50;
	objects = {

/* Begin PBXBuildFile section */
		C9245EC7254B0325004C1C48 /* SelectGifTableViewController.swift in Sources */ = {isa = PBXBuildFile; fileRef = C9245EC5254B0325004C1C48 /* SelectGifTableViewController.swift */; };
		C9245ECA254B033D004C1C48 /* SelectGifInteractor.swift in Sources */ = {isa = PBXBuildFile; fileRef = C9245EC9254B033D004C1C48 /* SelectGifInteractor.swift */; };
		C9245ECC254B034C004C1C48 /* SelectGifPresenter.swift in Sources */ = {isa = PBXBuildFile; fileRef = C9245ECB254B034C004C1C48 /* SelectGifPresenter.swift */; };
		C9245ECE254B0355004C1C48 /* SelectGifModels.swift in Sources */ = {isa = PBXBuildFile; fileRef = C9245ECD254B0355004C1C48 /* SelectGifModels.swift */; };
		C9245ED0254B036A004C1C48 /* SelectGifRouter.swift in Sources */ = {isa = PBXBuildFile; fileRef = C9245ECF254B036A004C1C48 /* SelectGifRouter.swift */; };
		C953BD8D254AFA35001298A3 /* AppDelegate.swift in Sources */ = {isa = PBXBuildFile; fileRef = C953BD8C254AFA35001298A3 /* AppDelegate.swift */; };
		C953BD8F254AFA35001298A3 /* SceneDelegate.swift in Sources */ = {isa = PBXBuildFile; fileRef = C953BD8E254AFA35001298A3 /* SceneDelegate.swift */; };
		C953BD91254AFA35001298A3 /* ViewController.swift in Sources */ = {isa = PBXBuildFile; fileRef = C953BD90254AFA35001298A3 /* ViewController.swift */; };
		C953BD94254AFA35001298A3 /* Main.storyboard in Resources */ = {isa = PBXBuildFile; fileRef = C953BD92254AFA35001298A3 /* Main.storyboard */; };
		C953BD96254AFA3B001298A3 /* Assets.xcassets in Resources */ = {isa = PBXBuildFile; fileRef = C953BD95254AFA3B001298A3 /* Assets.xcassets */; };
		C953BD99254AFA3B001298A3 /* LaunchScreen.storyboard in Resources */ = {isa = PBXBuildFile; fileRef = C953BD97254AFA3B001298A3 /* LaunchScreen.storyboard */; };
		C953BDA4254AFA3B001298A3 /* SmartTestTests.swift in Sources */ = {isa = PBXBuildFile; fileRef = C953BDA3254AFA3B001298A3 /* SmartTestTests.swift */; };
		C96B11F2254F60CE00050D2E /* GifTableViewCell.swift in Sources */ = {isa = PBXBuildFile; fileRef = C96B11F0254F60CE00050D2E /* GifTableViewCell.swift */; };
		C96B11F3254F60CE00050D2E /* GifTableViewCell.xib in Resources */ = {isa = PBXBuildFile; fileRef = C96B11F1254F60CE00050D2E /* GifTableViewCell.xib */; };
		C96B11F6254F658900050D2E /* Env.swift in Sources */ = {isa = PBXBuildFile; fileRef = C96B11F5254F658900050D2E /* Env.swift */; };
		C96B11F9254F722B00050D2E /* GuessGifInteractor.swift in Sources */ = {isa = PBXBuildFile; fileRef = C96B11F8254F722B00050D2E /* GuessGifInteractor.swift */; };
		C96B11FB254F723600050D2E /* GuessGifPresenter.swift in Sources */ = {isa = PBXBuildFile; fileRef = C96B11FA254F723600050D2E /* GuessGifPresenter.swift */; };
		C96B11FD254F723F00050D2E /* GuessGifModels.swift in Sources */ = {isa = PBXBuildFile; fileRef = C96B11FC254F723E00050D2E /* GuessGifModels.swift */; };
		C96B11FF254F724700050D2E /* GuessGifRouter.swift in Sources */ = {isa = PBXBuildFile; fileRef = C96B11FE254F724700050D2E /* GuessGifRouter.swift */; };
		C96B1201254F726D00050D2E /* GuessGifTableViewController.swift in Sources */ = {isa = PBXBuildFile; fileRef = C96B1200254F726D00050D2E /* GuessGifTableViewController.swift */; };
		C96B1203254F735200050D2E /* GuessGif.storyboard in Resources */ = {isa = PBXBuildFile; fileRef = C96B1202254F735200050D2E /* GuessGif.storyboard */; };
		C96B1206254F782C00050D2E /* ScoreInteractor.swift in Sources */ = {isa = PBXBuildFile; fileRef = C96B1205254F782C00050D2E /* ScoreInteractor.swift */; };
		C96B1208254F783700050D2E /* ScorePresenter.swift in Sources */ = {isa = PBXBuildFile; fileRef = C96B1207254F783700050D2E /* ScorePresenter.swift */; };
		C96B120A254F784500050D2E /* ScoreViewController.swift in Sources */ = {isa = PBXBuildFile; fileRef = C96B1209254F784500050D2E /* ScoreViewController.swift */; };
		C96B120C254F784E00050D2E /* ScoreModels.swift in Sources */ = {isa = PBXBuildFile; fileRef = C96B120B254F784E00050D2E /* ScoreModels.swift */; };
		C96B120E254F785E00050D2E /* ScoreRouter.swift in Sources */ = {isa = PBXBuildFile; fileRef = C96B120D254F785E00050D2E /* ScoreRouter.swift */; };
		C96B1210254F786C00050D2E /* Score.storyboard in Resources */ = {isa = PBXBuildFile; fileRef = C96B120F254F786C00050D2E /* Score.storyboard */; };
		C983D08E2550960A00EDFFB4 /* GiphySearchService.swift in Sources */ = {isa = PBXBuildFile; fileRef = C983D08D2550960A00EDFFB4 /* GiphySearchService.swift */; };
		C983D0912550964A00EDFFB4 /* URL+Resources.swift in Sources */ = {isa = PBXBuildFile; fileRef = C983D0902550964A00EDFFB4 /* URL+Resources.swift */; };
		C983D09625509BFE00EDFFB4 /* GiphModel.swift in Sources */ = {isa = PBXBuildFile; fileRef = C983D09525509BFE00EDFFB4 /* GiphModel.swift */; };
		C983D0992550A4B100EDFFB4 /* BaseTableViewController.swift in Sources */ = {isa = PBXBuildFile; fileRef = C983D0982550A4B100EDFFB4 /* BaseTableViewController.swift */; };
		C983D09B2550A6DB00EDFFB4 /* UIImage+Gif.swift in Sources */ = {isa = PBXBuildFile; fileRef = C983D09A2550A6DB00EDFFB4 /* UIImage+Gif.swift */; };
		C983D09D2550ABAE00EDFFB4 /* Scene.swift in Sources */ = {isa = PBXBuildFile; fileRef = C983D09C2550ABAE00EDFFB4 /* Scene.swift */; };
/* End PBXBuildFile section */

/* Begin PBXContainerItemProxy section */
		C953BDA0254AFA3B001298A3 /* PBXContainerItemProxy */ = {
			isa = PBXContainerItemProxy;
			containerPortal = C953BD81254AFA35001298A3 /* Project object */;
			proxyType = 1;
			remoteGlobalIDString = C953BD88254AFA35001298A3;
			remoteInfo = SmartTest;
		};
/* End PBXContainerItemProxy section */

/* Begin PBXFileReference section */
		C9245EC5254B0325004C1C48 /* SelectGifTableViewController.swift */ = {isa = PBXFileReference; lastKnownFileType = sourcecode.swift; path = SelectGifTableViewController.swift; sourceTree = "<group>"; };
		C9245EC9254B033D004C1C48 /* SelectGifInteractor.swift */ = {isa = PBXFileReference; lastKnownFileType = sourcecode.swift; path = SelectGifInteractor.swift; sourceTree = "<group>"; };
		C9245ECB254B034C004C1C48 /* SelectGifPresenter.swift */ = {isa = PBXFileReference; lastKnownFileType = sourcecode.swift; path = SelectGifPresenter.swift; sourceTree = "<group>"; };
		C9245ECD254B0355004C1C48 /* SelectGifModels.swift */ = {isa = PBXFileReference; lastKnownFileType = sourcecode.swift; path = SelectGifModels.swift; sourceTree = "<group>"; };
		C9245ECF254B036A004C1C48 /* SelectGifRouter.swift */ = {isa = PBXFileReference; lastKnownFileType = sourcecode.swift; path = SelectGifRouter.swift; sourceTree = "<group>"; };
		C953BD89254AFA35001298A3 /* SmartTest.app */ = {isa = PBXFileReference; explicitFileType = wrapper.application; includeInIndex = 0; path = SmartTest.app; sourceTree = BUILT_PRODUCTS_DIR; };
		C953BD8C254AFA35001298A3 /* AppDelegate.swift */ = {isa = PBXFileReference; lastKnownFileType = sourcecode.swift; path = AppDelegate.swift; sourceTree = "<group>"; };
		C953BD8E254AFA35001298A3 /* SceneDelegate.swift */ = {isa = PBXFileReference; lastKnownFileType = sourcecode.swift; path = SceneDelegate.swift; sourceTree = "<group>"; };
		C953BD90254AFA35001298A3 /* ViewController.swift */ = {isa = PBXFileReference; lastKnownFileType = sourcecode.swift; path = ViewController.swift; sourceTree = "<group>"; };
		C953BD93254AFA35001298A3 /* Base */ = {isa = PBXFileReference; lastKnownFileType = file.storyboard; name = Base; path = Base.lproj/Main.storyboard; sourceTree = "<group>"; };
		C953BD95254AFA3B001298A3 /* Assets.xcassets */ = {isa = PBXFileReference; lastKnownFileType = folder.assetcatalog; path = Assets.xcassets; sourceTree = "<group>"; };
		C953BD98254AFA3B001298A3 /* Base */ = {isa = PBXFileReference; lastKnownFileType = file.storyboard; name = Base; path = Base.lproj/LaunchScreen.storyboard; sourceTree = "<group>"; };
		C953BD9A254AFA3B001298A3 /* Info.plist */ = {isa = PBXFileReference; lastKnownFileType = text.plist.xml; path = Info.plist; sourceTree = "<group>"; };
		C953BD9F254AFA3B001298A3 /* SmartTestTests.xctest */ = {isa = PBXFileReference; explicitFileType = wrapper.cfbundle; includeInIndex = 0; path = SmartTestTests.xctest; sourceTree = BUILT_PRODUCTS_DIR; };
		C953BDA3254AFA3B001298A3 /* SmartTestTests.swift */ = {isa = PBXFileReference; lastKnownFileType = sourcecode.swift; path = SmartTestTests.swift; sourceTree = "<group>"; };
		C953BDA5254AFA3B001298A3 /* Info.plist */ = {isa = PBXFileReference; lastKnownFileType = text.plist.xml; path = Info.plist; sourceTree = "<group>"; };
		C96B11F0254F60CE00050D2E /* GifTableViewCell.swift */ = {isa = PBXFileReference; lastKnownFileType = sourcecode.swift; path = GifTableViewCell.swift; sourceTree = "<group>"; };
		C96B11F1254F60CE00050D2E /* GifTableViewCell.xib */ = {isa = PBXFileReference; lastKnownFileType = file.xib; path = GifTableViewCell.xib; sourceTree = "<group>"; };
		C96B11F5254F658900050D2E /* Env.swift */ = {isa = PBXFileReference; lastKnownFileType = sourcecode.swift; path = Env.swift; sourceTree = "<group>"; };
		C96B11F8254F722B00050D2E /* GuessGifInteractor.swift */ = {isa = PBXFileReference; lastKnownFileType = sourcecode.swift; path = GuessGifInteractor.swift; sourceTree = "<group>"; };
		C96B11FA254F723600050D2E /* GuessGifPresenter.swift */ = {isa = PBXFileReference; lastKnownFileType = sourcecode.swift; path = GuessGifPresenter.swift; sourceTree = "<group>"; };
		C96B11FC254F723E00050D2E /* GuessGifModels.swift */ = {isa = PBXFileReference; lastKnownFileType = sourcecode.swift; path = GuessGifModels.swift; sourceTree = "<group>"; };
		C96B11FE254F724700050D2E /* GuessGifRouter.swift */ = {isa = PBXFileReference; lastKnownFileType = sourcecode.swift; path = GuessGifRouter.swift; sourceTree = "<group>"; };
		C96B1200254F726D00050D2E /* GuessGifTableViewController.swift */ = {isa = PBXFileReference; lastKnownFileType = sourcecode.swift; path = GuessGifTableViewController.swift; sourceTree = "<group>"; };
		C96B1202254F735200050D2E /* GuessGif.storyboard */ = {isa = PBXFileReference; lastKnownFileType = file.storyboard; path = GuessGif.storyboard; sourceTree = "<group>"; };
		C96B1205254F782C00050D2E /* ScoreInteractor.swift */ = {isa = PBXFileReference; lastKnownFileType = sourcecode.swift; path = ScoreInteractor.swift; sourceTree = "<group>"; };
		C96B1207254F783700050D2E /* ScorePresenter.swift */ = {isa = PBXFileReference; lastKnownFileType = sourcecode.swift; path = ScorePresenter.swift; sourceTree = "<group>"; };
		C96B1209254F784500050D2E /* ScoreViewController.swift */ = {isa = PBXFileReference; lastKnownFileType = sourcecode.swift; path = ScoreViewController.swift; sourceTree = "<group>"; };
		C96B120B254F784E00050D2E /* ScoreModels.swift */ = {isa = PBXFileReference; lastKnownFileType = sourcecode.swift; path = ScoreModels.swift; sourceTree = "<group>"; };
		C96B120D254F785E00050D2E /* ScoreRouter.swift */ = {isa = PBXFileReference; lastKnownFileType = sourcecode.swift; path = ScoreRouter.swift; sourceTree = "<group>"; };
		C96B120F254F786C00050D2E /* Score.storyboard */ = {isa = PBXFileReference; lastKnownFileType = file.storyboard; name = Score.storyboard; path = ../../../../../../../Applications/Score.storyboard; sourceTree = "<group>"; };
		C983D08D2550960A00EDFFB4 /* GiphySearchService.swift */ = {isa = PBXFileReference; lastKnownFileType = sourcecode.swift; path = GiphySearchService.swift; sourceTree = "<group>"; };
		C983D0902550964A00EDFFB4 /* URL+Resources.swift */ = {isa = PBXFileReference; lastKnownFileType = sourcecode.swift; path = "URL+Resources.swift"; sourceTree = "<group>"; };
		C983D09525509BFE00EDFFB4 /* GiphModel.swift */ = {isa = PBXFileReference; lastKnownFileType = sourcecode.swift; path = GiphModel.swift; sourceTree = "<group>"; };
		C983D0982550A4B100EDFFB4 /* BaseTableViewController.swift */ = {isa = PBXFileReference; lastKnownFileType = sourcecode.swift; path = BaseTableViewController.swift; sourceTree = "<group>"; };
		C983D09A2550A6DB00EDFFB4 /* UIImage+Gif.swift */ = {isa = PBXFileReference; lastKnownFileType = sourcecode.swift; path = "UIImage+Gif.swift"; sourceTree = "<group>"; };
		C983D09C2550ABAE00EDFFB4 /* Scene.swift */ = {isa = PBXFileReference; lastKnownFileType = sourcecode.swift; path = Scene.swift; sourceTree = "<group>"; };
/* End PBXFileReference section */

/* Begin PBXFrameworksBuildPhase section */
		C953BD86254AFA35001298A3 /* Frameworks */ = {
			isa = PBXFrameworksBuildPhase;
			buildActionMask = 2147483647;
			files = (
			);
			runOnlyForDeploymentPostprocessing = 0;
		};
		C953BD9C254AFA3B001298A3 /* Frameworks */ = {
			isa = PBXFrameworksBuildPhase;
			buildActionMask = 2147483647;
			files = (
			);
			runOnlyForDeploymentPostprocessing = 0;
		};
/* End PBXFrameworksBuildPhase section */

/* Begin PBXGroup section */
		C9245EC3254B02A8004C1C48 /* Scenes */ = {
			isa = PBXGroup;
			children = (
				C96B1204254F77F700050D2E /* Score */,
				C96B11ED254B065D00050D2E /* GuessGif */,
				C9245EC4254B02AE004C1C48 /* SelectGif */,
			);
			path = Scenes;
			sourceTree = "<group>";
		};
		C9245EC4254B02AE004C1C48 /* SelectGif */ = {
			isa = PBXGroup;
			children = (
				C9245EC5254B0325004C1C48 /* SelectGifTableViewController.swift */,
				C9245EC9254B033D004C1C48 /* SelectGifInteractor.swift */,
				C9245ECB254B034C004C1C48 /* SelectGifPresenter.swift */,
				C9245ECD254B0355004C1C48 /* SelectGifModels.swift */,
				C9245ECF254B036A004C1C48 /* SelectGifRouter.swift */,
			);
			path = SelectGif;
			sourceTree = "<group>";
		};
		C953BD80254AFA35001298A3 = {
			isa = PBXGroup;
			children = (
				C953BD8B254AFA35001298A3 /* SmartTest */,
				C953BDA2254AFA3B001298A3 /* SmartTestTests */,
				C953BD8A254AFA35001298A3 /* Products */,
			);
			sourceTree = "<group>";
		};
		C953BD8A254AFA35001298A3 /* Products */ = {
			isa = PBXGroup;
			children = (
				C953BD89254AFA35001298A3 /* SmartTest.app */,
				C953BD9F254AFA3B001298A3 /* SmartTestTests.xctest */,
			);
			name = Products;
			sourceTree = "<group>";
		};
		C953BD8B254AFA35001298A3 /* SmartTest */ = {
			isa = PBXGroup;
			children = (
				C96B11EE254F609E00050D2E /* Shared */,
				C9245EC3254B02A8004C1C48 /* Scenes */,
				C953BD8C254AFA35001298A3 /* AppDelegate.swift */,
				C953BD8E254AFA35001298A3 /* SceneDelegate.swift */,
				C953BD90254AFA35001298A3 /* ViewController.swift */,
				C953BD92254AFA35001298A3 /* Main.storyboard */,
				C953BD95254AFA3B001298A3 /* Assets.xcassets */,
				C953BD97254AFA3B001298A3 /* LaunchScreen.storyboard */,
				C953BD9A254AFA3B001298A3 /* Info.plist */,
			);
			path = SmartTest;
			sourceTree = "<group>";
		};
		C953BDA2254AFA3B001298A3 /* SmartTestTests */ = {
			isa = PBXGroup;
			children = (
				C953BDA3254AFA3B001298A3 /* SmartTestTests.swift */,
				C953BDA5254AFA3B001298A3 /* Info.plist */,
			);
			path = SmartTestTests;
			sourceTree = "<group>";
		};
		C953BDAE254AFB46001298A3 /* Services */ = {
			isa = PBXGroup;
			children = (
				C96B11F5254F658900050D2E /* Env.swift */,
				C983D08D2550960A00EDFFB4 /* GiphySearchService.swift */,
			);
			path = Services;
			sourceTree = "<group>";
		};
		C96B11ED254B065D00050D2E /* GuessGif */ = {
			isa = PBXGroup;
			children = (
				C96B11F8254F722B00050D2E /* GuessGifInteractor.swift */,
				C96B11FA254F723600050D2E /* GuessGifPresenter.swift */,
				C96B11FC254F723E00050D2E /* GuessGifModels.swift */,
				C96B11FE254F724700050D2E /* GuessGifRouter.swift */,
				C96B1200254F726D00050D2E /* GuessGifTableViewController.swift */,
				C96B1202254F735200050D2E /* GuessGif.storyboard */,
			);
			path = GuessGif;
			sourceTree = "<group>";
		};
		C96B11EE254F609E00050D2E /* Shared */ = {
			isa = PBXGroup;
			children = (
				C983D0972550A48E00EDFFB4 /* Utils */,
				C983D09425509BDE00EDFFB4 /* Views */,
				C983D09225509BD000EDFFB4 /* Models */,
				C983D08F2550963400EDFFB4 /* Resources */,
				C953BDAE254AFB46001298A3 /* Services */,
			);
			path = Shared;
			sourceTree = "<group>";
		};
		C96B11EF254F60A500050D2E /* UITableViewCell */ = {
			isa = PBXGroup;
			children = (
				C96B11F7254F6C0400050D2E /* GifTableViewCell */,
			);
			path = UITableViewCell;
			sourceTree = "<group>";
		};
		C96B11F7254F6C0400050D2E /* GifTableViewCell */ = {
			isa = PBXGroup;
			children = (
				C96B11F0254F60CE00050D2E /* GifTableViewCell.swift */,
				C96B11F1254F60CE00050D2E /* GifTableViewCell.xib */,
			);
			path = GifTableViewCell;
			sourceTree = "<group>";
		};
		C96B1204254F77F700050D2E /* Score */ = {
			isa = PBXGroup;
			children = (
				C96B1205254F782C00050D2E /* ScoreInteractor.swift */,
				C96B1207254F783700050D2E /* ScorePresenter.swift */,
				C96B1209254F784500050D2E /* ScoreViewController.swift */,
				C96B120B254F784E00050D2E /* ScoreModels.swift */,
				C96B120D254F785E00050D2E /* ScoreRouter.swift */,
				C96B120F254F786C00050D2E /* Score.storyboard */,
			);
			path = Score;
			sourceTree = "<group>";
		};
		C983D08F2550963400EDFFB4 /* Resources */ = {
			isa = PBXGroup;
			children = (
				C983D0902550964A00EDFFB4 /* URL+Resources.swift */,
			);
			path = Resources;
			sourceTree = "<group>";
		};
		C983D09225509BD000EDFFB4 /* Models */ = {
			isa = PBXGroup;
			children = (
				C983D09525509BFE00EDFFB4 /* GiphModel.swift */,
			);
			path = Models;
			sourceTree = "<group>";
		};
		C983D09425509BDE00EDFFB4 /* Views */ = {
			isa = PBXGroup;
			children = (
				C96B11EF254F60A500050D2E /* UITableViewCell */,
			);
			path = Views;
			sourceTree = "<group>";
		};
		C983D0972550A48E00EDFFB4 /* Utils */ = {
			isa = PBXGroup;
			children = (
				C983D0982550A4B100EDFFB4 /* BaseTableViewController.swift */,
				C983D09A2550A6DB00EDFFB4 /* UIImage+Gif.swift */,
				C983D09C2550ABAE00EDFFB4 /* Scene.swift */,
			);
			path = Utils;
			sourceTree = "<group>";
		};
/* End PBXGroup section */

/* Begin PBXNativeTarget section */
		C953BD88254AFA35001298A3 /* SmartTest */ = {
			isa = PBXNativeTarget;
			buildConfigurationList = C953BDA8254AFA3B001298A3 /* Build configuration list for PBXNativeTarget "SmartTest" */;
			buildPhases = (
				C953BD85254AFA35001298A3 /* Sources */,
				C953BD86254AFA35001298A3 /* Frameworks */,
				C953BD87254AFA35001298A3 /* Resources */,
			);
			buildRules = (
			);
			dependencies = (
			);
			name = SmartTest;
			productName = SmartTest;
			productReference = C953BD89254AFA35001298A3 /* SmartTest.app */;
			productType = "com.apple.product-type.application";
		};
		C953BD9E254AFA3B001298A3 /* SmartTestTests */ = {
			isa = PBXNativeTarget;
			buildConfigurationList = C953BDAB254AFA3B001298A3 /* Build configuration list for PBXNativeTarget "SmartTestTests" */;
			buildPhases = (
				C953BD9B254AFA3B001298A3 /* Sources */,
				C953BD9C254AFA3B001298A3 /* Frameworks */,
				C953BD9D254AFA3B001298A3 /* Resources */,
			);
			buildRules = (
			);
			dependencies = (
				C953BDA1254AFA3B001298A3 /* PBXTargetDependency */,
			);
			name = SmartTestTests;
			productName = SmartTestTests;
			productReference = C953BD9F254AFA3B001298A3 /* SmartTestTests.xctest */;
			productType = "com.apple.product-type.bundle.unit-test";
		};
/* End PBXNativeTarget section */

/* Begin PBXProject section */
		C953BD81254AFA35001298A3 /* Project object */ = {
			isa = PBXProject;
			attributes = {
				LastSwiftUpdateCheck = 1170;
				LastUpgradeCheck = 1170;
				ORGANIZATIONNAME = "Mohamed Diaa";
				TargetAttributes = {
					C953BD88254AFA35001298A3 = {
						CreatedOnToolsVersion = 11.7;
					};
					C953BD9E254AFA3B001298A3 = {
						CreatedOnToolsVersion = 11.7;
						TestTargetID = C953BD88254AFA35001298A3;
					};
				};
			};
			buildConfigurationList = C953BD84254AFA35001298A3 /* Build configuration list for PBXProject "SmartTest" */;
			compatibilityVersion = "Xcode 9.3";
			developmentRegion = en;
			hasScannedForEncodings = 0;
			knownRegions = (
				en,
				Base,
			);
			mainGroup = C953BD80254AFA35001298A3;
			productRefGroup = C953BD8A254AFA35001298A3 /* Products */;
			projectDirPath = "";
			projectRoot = "";
			targets = (
				C953BD88254AFA35001298A3 /* SmartTest */,
				C953BD9E254AFA3B001298A3 /* SmartTestTests */,
			);
		};
/* End PBXProject section */

/* Begin PBXResourcesBuildPhase section */
		C953BD87254AFA35001298A3 /* Resources */ = {
			isa = PBXResourcesBuildPhase;
			buildActionMask = 2147483647;
			files = (
				C953BD99254AFA3B001298A3 /* LaunchScreen.storyboard in Resources */,
				C96B1210254F786C00050D2E /* Score.storyboard in Resources */,
				C96B11F3254F60CE00050D2E /* GifTableViewCell.xib in Resources */,
				C953BD96254AFA3B001298A3 /* Assets.xcassets in Resources */,
				C953BD94254AFA35001298A3 /* Main.storyboard in Resources */,
				C96B1203254F735200050D2E /* GuessGif.storyboard in Resources */,
			);
			runOnlyForDeploymentPostprocessing = 0;
		};
		C953BD9D254AFA3B001298A3 /* Resources */ = {
			isa = PBXResourcesBuildPhase;
			buildActionMask = 2147483647;
			files = (
			);
			runOnlyForDeploymentPostprocessing = 0;
		};
/* End PBXResourcesBuildPhase section */

/* Begin PBXSourcesBuildPhase section */
		C953BD85254AFA35001298A3 /* Sources */ = {
			isa = PBXSourcesBuildPhase;
			buildActionMask = 2147483647;
			files = (
				C96B11F6254F658900050D2E /* Env.swift in Sources */,
				C9245ECE254B0355004C1C48 /* SelectGifModels.swift in Sources */,
				C9245ECA254B033D004C1C48 /* SelectGifInteractor.swift in Sources */,
				C96B11F2254F60CE00050D2E /* GifTableViewCell.swift in Sources */,
				C983D09D2550ABAE00EDFFB4 /* Scene.swift in Sources */,
				C953BD91254AFA35001298A3 /* ViewController.swift in Sources */,
				C96B120E254F785E00050D2E /* ScoreRouter.swift in Sources */,
				C96B11FF254F724700050D2E /* GuessGifRouter.swift in Sources */,
				C983D09625509BFE00EDFFB4 /* GiphModel.swift in Sources */,
				C953BD8D254AFA35001298A3 /* AppDelegate.swift in Sources */,
				C96B1206254F782C00050D2E /* ScoreInteractor.swift in Sources */,
				C9245EC7254B0325004C1C48 /* SelectGifTableViewController.swift in Sources */,
				C96B11FB254F723600050D2E /* GuessGifPresenter.swift in Sources */,
				C953BD8F254AFA35001298A3 /* SceneDelegate.swift in Sources */,
				C9245ECC254B034C004C1C48 /* SelectGifPresenter.swift in Sources */,
				C96B1201254F726D00050D2E /* GuessGifTableViewController.swift in Sources */,
				C96B11FD254F723F00050D2E /* GuessGifModels.swift in Sources */,
				C983D0912550964A00EDFFB4 /* URL+Resources.swift in Sources */,
				C96B1208254F783700050D2E /* ScorePresenter.swift in Sources */,
				C983D0992550A4B100EDFFB4 /* BaseTableViewController.swift in Sources */,
				C96B11F9254F722B00050D2E /* GuessGifInteractor.swift in Sources */,
				C9245ED0254B036A004C1C48 /* SelectGifRouter.swift in Sources */,
				C96B120C254F784E00050D2E /* ScoreModels.swift in Sources */,
				C96B120A254F784500050D2E /* ScoreViewController.swift in Sources */,
				C983D09B2550A6DB00EDFFB4 /* UIImage+Gif.swift in Sources */,
				C983D08E2550960A00EDFFB4 /* GiphySearchService.swift in Sources */,
			);
			runOnlyForDeploymentPostprocessing = 0;
		};
		C953BD9B254AFA3B001298A3 /* Sources */ = {
			isa = PBXSourcesBuildPhase;
			buildActionMask = 2147483647;
			files = (
				C953BDA4254AFA3B001298A3 /* SmartTestTests.swift in Sources */,
			);
			runOnlyForDeploymentPostprocessing = 0;
		};
/* End PBXSourcesBuildPhase section */

/* Begin PBXTargetDependency section */
		C953BDA1254AFA3B001298A3 /* PBXTargetDependency */ = {
			isa = PBXTargetDependency;
			target = C953BD88254AFA35001298A3 /* SmartTest */;
			targetProxy = C953BDA0254AFA3B001298A3 /* PBXContainerItemProxy */;
		};
/* End PBXTargetDependency section */

/* Begin PBXVariantGroup section */
		C953BD92254AFA35001298A3 /* Main.storyboard */ = {
			isa = PBXVariantGroup;
			children = (
				C953BD93254AFA35001298A3 /* Base */,
			);
			name = Main.storyboard;
			sourceTree = "<group>";
		};
		C953BD97254AFA3B001298A3 /* LaunchScreen.storyboard */ = {
			isa = PBXVariantGroup;
			children = (
				C953BD98254AFA3B001298A3 /* Base */,
			);
			name = LaunchScreen.storyboard;
			sourceTree = "<group>";
		};
/* End PBXVariantGroup section */

/* Begin XCBuildConfiguration section */
		C953BDA6254AFA3B001298A3 /* Debug */ = {
			isa = XCBuildConfiguration;
			buildSettings = {
				ALWAYS_SEARCH_USER_PATHS = NO;
				CLANG_ANALYZER_NONNULL = YES;
				CLANG_ANALYZER_NUMBER_OBJECT_CONVERSION = YES_AGGRESSIVE;
				CLANG_CXX_LANGUAGE_STANDARD = "gnu++14";
				CLANG_CXX_LIBRARY = "libc++";
				CLANG_ENABLE_MODULES = YES;
				CLANG_ENABLE_OBJC_ARC = YES;
				CLANG_ENABLE_OBJC_WEAK = YES;
				CLANG_WARN_BLOCK_CAPTURE_AUTORELEASING = YES;
				CLANG_WARN_BOOL_CONVERSION = YES;
				CLANG_WARN_COMMA = YES;
				CLANG_WARN_CONSTANT_CONVERSION = YES;
				CLANG_WARN_DEPRECATED_OBJC_IMPLEMENTATIONS = YES;
				CLANG_WARN_DIRECT_OBJC_ISA_USAGE = YES_ERROR;
				CLANG_WARN_DOCUMENTATION_COMMENTS = YES;
				CLANG_WARN_EMPTY_BODY = YES;
				CLANG_WARN_ENUM_CONVERSION = YES;
				CLANG_WARN_INFINITE_RECURSION = YES;
				CLANG_WARN_INT_CONVERSION = YES;
				CLANG_WARN_NON_LITERAL_NULL_CONVERSION = YES;
				CLANG_WARN_OBJC_IMPLICIT_RETAIN_SELF = YES;
				CLANG_WARN_OBJC_LITERAL_CONVERSION = YES;
				CLANG_WARN_OBJC_ROOT_CLASS = YES_ERROR;
				CLANG_WARN_RANGE_LOOP_ANALYSIS = YES;
				CLANG_WARN_STRICT_PROTOTYPES = YES;
				CLANG_WARN_SUSPICIOUS_MOVE = YES;
				CLANG_WARN_UNGUARDED_AVAILABILITY = YES_AGGRESSIVE;
				CLANG_WARN_UNREACHABLE_CODE = YES;
				CLANG_WARN__DUPLICATE_METHOD_MATCH = YES;
				CODE_SIGN_IDENTITY = "";
				COPY_PHASE_STRIP = NO;
				DEBUG_INFORMATION_FORMAT = dwarf;
				ENABLE_STRICT_OBJC_MSGSEND = YES;
				ENABLE_TESTABILITY = YES;
				GCC_C_LANGUAGE_STANDARD = gnu11;
				GCC_DYNAMIC_NO_PIC = NO;
				GCC_NO_COMMON_BLOCKS = YES;
				GCC_OPTIMIZATION_LEVEL = 0;
				GCC_PREPROCESSOR_DEFINITIONS = (
					"DEBUG=1",
					"$(inherited)",
				);
				GCC_WARN_64_TO_32_BIT_CONVERSION = YES;
				GCC_WARN_ABOUT_RETURN_TYPE = YES_ERROR;
				GCC_WARN_UNDECLARED_SELECTOR = YES;
				GCC_WARN_UNINITIALIZED_AUTOS = YES_AGGRESSIVE;
				GCC_WARN_UNUSED_FUNCTION = YES;
				GCC_WARN_UNUSED_VARIABLE = YES;
				IPHONEOS_DEPLOYMENT_TARGET = 13.7;
				MTL_ENABLE_DEBUG_INFO = INCLUDE_SOURCE;
				MTL_FAST_MATH = YES;
				ONLY_ACTIVE_ARCH = YES;
				SDKROOT = iphoneos;
				SWIFT_ACTIVE_COMPILATION_CONDITIONS = DEBUG;
				SWIFT_OPTIMIZATION_LEVEL = "-Onone";
			};
			name = Debug;
		};
		C953BDA7254AFA3B001298A3 /* Release */ = {
			isa = XCBuildConfiguration;
			buildSettings = {
				ALWAYS_SEARCH_USER_PATHS = NO;
				CLANG_ANALYZER_NONNULL = YES;
				CLANG_ANALYZER_NUMBER_OBJECT_CONVERSION = YES_AGGRESSIVE;
				CLANG_CXX_LANGUAGE_STANDARD = "gnu++14";
				CLANG_CXX_LIBRARY = "libc++";
				CLANG_ENABLE_MODULES = YES;
				CLANG_ENABLE_OBJC_ARC = YES;
				CLANG_ENABLE_OBJC_WEAK = YES;
				CLANG_WARN_BLOCK_CAPTURE_AUTORELEASING = YES;
				CLANG_WARN_BOOL_CONVERSION = YES;
				CLANG_WARN_COMMA = YES;
				CLANG_WARN_CONSTANT_CONVERSION = YES;
				CLANG_WARN_DEPRECATED_OBJC_IMPLEMENTATIONS = YES;
				CLANG_WARN_DIRECT_OBJC_ISA_USAGE = YES_ERROR;
				CLANG_WARN_DOCUMENTATION_COMMENTS = YES;
				CLANG_WARN_EMPTY_BODY = YES;
				CLANG_WARN_ENUM_CONVERSION = YES;
				CLANG_WARN_INFINITE_RECURSION = YES;
				CLANG_WARN_INT_CONVERSION = YES;
				CLANG_WARN_NON_LITERAL_NULL_CONVERSION = YES;
				CLANG_WARN_OBJC_IMPLICIT_RETAIN_SELF = YES;
				CLANG_WARN_OBJC_LITERAL_CONVERSION = YES;
				CLANG_WARN_OBJC_ROOT_CLASS = YES_ERROR;
				CLANG_WARN_RANGE_LOOP_ANALYSIS = YES;
				CLANG_WARN_STRICT_PROTOTYPES = YES;
				CLANG_WARN_SUSPICIOUS_MOVE = YES;
				CLANG_WARN_UNGUARDED_AVAILABILITY = YES_AGGRESSIVE;
				CLANG_WARN_UNREACHABLE_CODE = YES;
				CLANG_WARN__DUPLICATE_METHOD_MATCH = YES;
				CODE_SIGN_IDENTITY = "";
				COPY_PHASE_STRIP = NO;
				DEBUG_INFORMATION_FORMAT = "dwarf-with-dsym";
				ENABLE_NS_ASSERTIONS = NO;
				ENABLE_STRICT_OBJC_MSGSEND = YES;
				GCC_C_LANGUAGE_STANDARD = gnu11;
				GCC_NO_COMMON_BLOCKS = YES;
				GCC_WARN_64_TO_32_BIT_CONVERSION = YES;
				GCC_WARN_ABOUT_RETURN_TYPE = YES_ERROR;
				GCC_WARN_UNDECLARED_SELECTOR = YES;
				GCC_WARN_UNINITIALIZED_AUTOS = YES_AGGRESSIVE;
				GCC_WARN_UNUSED_FUNCTION = YES;
				GCC_WARN_UNUSED_VARIABLE = YES;
				IPHONEOS_DEPLOYMENT_TARGET = 13.7;
				MTL_ENABLE_DEBUG_INFO = NO;
				MTL_FAST_MATH = YES;
				SDKROOT = iphoneos;
				SWIFT_COMPILATION_MODE = wholemodule;
				SWIFT_OPTIMIZATION_LEVEL = "-O";
				VALIDATE_PRODUCT = YES;
			};
			name = Release;
		};
		C953BDA9254AFA3B001298A3 /* Debug */ = {
			isa = XCBuildConfiguration;
			buildSettings = {
				ASSETCATALOG_COMPILER_APPICON_NAME = AppIcon;
				CODE_SIGN_IDENTITY = "";
				CODE_SIGN_INJECT_BASE_ENTITLEMENTS = YES;
				CODE_SIGN_STYLE = Automatic;
				DEVELOPMENT_TEAM = "";
				INFOPLIST_FILE = SmartTest/Info.plist;
				LD_RUNPATH_SEARCH_PATHS = (
					"$(inherited)",
					"@executable_path/Frameworks",
				);
				PRODUCT_BUNDLE_IDENTIFIER = com.me.SmartTest;
				PRODUCT_NAME = "$(TARGET_NAME)";
				PROVISIONING_PROFILE_SPECIFIER = "";
				SWIFT_VERSION = 5.0;
				TARGETED_DEVICE_FAMILY = "1,2";
			};
			name = Debug;
		};
		C953BDAA254AFA3B001298A3 /* Release */ = {
			isa = XCBuildConfiguration;
			buildSettings = {
				ASSETCATALOG_COMPILER_APPICON_NAME = AppIcon;
				CODE_SIGN_IDENTITY = "";
				CODE_SIGN_INJECT_BASE_ENTITLEMENTS = YES;
				CODE_SIGN_STYLE = Automatic;
				DEVELOPMENT_TEAM = "";
				INFOPLIST_FILE = SmartTest/Info.plist;
				LD_RUNPATH_SEARCH_PATHS = (
					"$(inherited)",
					"@executable_path/Frameworks",
				);
				PRODUCT_BUNDLE_IDENTIFIER = com.me.SmartTest;
				PRODUCT_NAME = "$(TARGET_NAME)";
				PROVISIONING_PROFILE_SPECIFIER = "";
				SWIFT_VERSION = 5.0;
				TARGETED_DEVICE_FAMILY = "1,2";
			};
			name = Release;
		};
		C953BDAC254AFA3B001298A3 /* Debug */ = {
			isa = XCBuildConfiguration;
			buildSettings = {
				ALWAYS_EMBED_SWIFT_STANDARD_LIBRARIES = YES;
				BUNDLE_LOADER = "$(TEST_HOST)";
				CODE_SIGN_STYLE = Automatic;
				INFOPLIST_FILE = SmartTestTests/Info.plist;
				IPHONEOS_DEPLOYMENT_TARGET = 13.7;
				LD_RUNPATH_SEARCH_PATHS = (
					"$(inherited)",
					"@executable_path/Frameworks",
					"@loader_path/Frameworks",
				);
				PRODUCT_BUNDLE_IDENTIFIER = com.me.SmartTestTests;
				PRODUCT_NAME = "$(TARGET_NAME)";
				SWIFT_VERSION = 5.0;
				TARGETED_DEVICE_FAMILY = "1,2";
				TEST_HOST = "$(BUILT_PRODUCTS_DIR)/SmartTest.app/SmartTest";
			};
			name = Debug;
		};
		C953BDAD254AFA3B001298A3 /* Release */ = {
			isa = XCBuildConfiguration;
			buildSettings = {
				ALWAYS_EMBED_SWIFT_STANDARD_LIBRARIES = YES;
				BUNDLE_LOADER = "$(TEST_HOST)";
				CODE_SIGN_STYLE = Automatic;
				INFOPLIST_FILE = SmartTestTests/Info.plist;
				IPHONEOS_DEPLOYMENT_TARGET = 13.7;
				LD_RUNPATH_SEARCH_PATHS = (
					"$(inherited)",
					"@executable_path/Frameworks",
					"@loader_path/Frameworks",
				);
				PRODUCT_BUNDLE_IDENTIFIER = com.me.SmartTestTests;
				PRODUCT_NAME = "$(TARGET_NAME)";
				SWIFT_VERSION = 5.0;
				TARGETED_DEVICE_FAMILY = "1,2";
				TEST_HOST = "$(BUILT_PRODUCTS_DIR)/SmartTest.app/SmartTest";
			};
			name = Release;
		};
/* End XCBuildConfiguration section */

/* Begin XCConfigurationList section */
		C953BD84254AFA35001298A3 /* Build configuration list for PBXProject "SmartTest" */ = {
			isa = XCConfigurationList;
			buildConfigurations = (
				C953BDA6254AFA3B001298A3 /* Debug */,
				C953BDA7254AFA3B001298A3 /* Release */,
			);
			defaultConfigurationIsVisible = 0;
			defaultConfigurationName = Release;
		};
		C953BDA8254AFA3B001298A3 /* Build configuration list for PBXNativeTarget "SmartTest" */ = {
			isa = XCConfigurationList;
			buildConfigurations = (
				C953BDA9254AFA3B001298A3 /* Debug */,
				C953BDAA254AFA3B001298A3 /* Release */,
			);
			defaultConfigurationIsVisible = 0;
			defaultConfigurationName = Release;
		};
		C953BDAB254AFA3B001298A3 /* Build configuration list for PBXNativeTarget "SmartTestTests" */ = {
			isa = XCConfigurationList;
			buildConfigurations = (
				C953BDAC254AFA3B001298A3 /* Debug */,
				C953BDAD254AFA3B001298A3 /* Release */,
			);
			defaultConfigurationIsVisible = 0;
			defaultConfigurationName = Release;
		};
/* End XCConfigurationList section */
	};
	rootObject = C953BD81254AFA35001298A3 /* Project object */;
}
